
Microsoft Visual Studio Solution File, Format Version 12.00
# Visual Studio Version 17
VisualStudioVersion = 17.2.32616.157
MinimumVisualStudioVersion = 10.0.40219.1
Project("{FAE04EC0-301F-11D3-BF4B-00C04F79EFBC}") = "ApiRetailXYZ", "ApiRetailXYZ\ApiRetailXYZ.csproj", "{89E095E1-54C9-4A54-A5C3-79F25C8AAC8A}"
EndProject
Global
	GlobalSection(SolutionConfigurationPlatforms) = preSolution
		Debug|Any CPU = Debug|Any CPU
		Release|Any CPU = Release|Any CPU
	EndGlobalSection
	GlobalSection(ProjectConfigurationPlatforms) = postSolution
		{89E095E1-54C9-4A54-A5C3-79F25C8AAC8A}.Debug|Any CPU.ActiveCfg = Debug|Any CPU
		{89E095E1-54C9-4A54-A5C3-79F25C8AAC8A}.Debug|Any CPU.Build.0 = Debug|Any CPU
		{89E095E1-54C9-4A54-A5C3-79F25C8AAC8A}.Release|Any CPU.ActiveCfg = Release|Any CPU
		{89E095E1-54C9-4A54-A5C3-79F25C8AAC8A}.Release|Any CPU.Build.0 = Release|Any CPU
	EndGlobalSection
	GlobalSection(SolutionProperties) = preSolution
		HideSolutionNode = FALSE
	EndGlobalSection
	GlobalSection(ExtensibilityGlobals) = postSolution
		SolutionGuid = {0E5BA871-1318-4472-9956-E2BC08CE7CDA}
	EndGlobalSection
EndGlobal
